
Microsoft Visual Studio Solution File, Format Version 12.00
# Visual Studio Version 17
VisualStudioVersion = 17.0.32112.339
MinimumVisualStudioVersion = 10.0.40219.1
Project("{9A19103F-16F7-4668-BE54-9A1E7A4F7556}") = "Assembly-CSharp", "Assembly-CSharp.csproj", "{FFC19AB2-C382-4C1E-AA21-5662E9FE6EC3}"
EndProject
Project("{FAE04EC0-301F-11D3-BF4B-00C04F79EFBC}") = "IEMod.pw", "..\IEMod.pw\IEMod\IEMod.pw.csproj", "{540E5EFB-4E95-404D-B511-31CC56A9A492}"
EndProject
Project("{FAE04EC0-301F-11D3-BF4B-00C04F79EFBC}") = "FastSneak.pw", "..\IEMod.pw\modules\FastSneak.pw\FastSneak.pw.csproj", "{1FAB0C91-9AA4-458A-8485-EE1D0140672E}"
EndProject
Global
	GlobalSection(SolutionConfigurationPlatforms) = preSolution
		Debug|Any CPU = Debug|Any CPU
		PrepareEnvironment|Any CPU = PrepareEnvironment|Any CPU
		Publish|Any CPU = Publish|Any CPU
		Release|Any CPU = Release|Any CPU
	EndGlobalSection
	GlobalSection(ProjectConfigurationPlatforms) = postSolution
		{FFC19AB2-C382-4C1E-AA21-5662E9FE6EC3}.Debug|Any CPU.ActiveCfg = Debug|Any CPU
		{FFC19AB2-C382-4C1E-AA21-5662E9FE6EC3}.Debug|Any CPU.Build.0 = Debug|Any CPU
		{FFC19AB2-C382-4C1E-AA21-5662E9FE6EC3}.PrepareEnvironment|Any CPU.ActiveCfg = Release|Any CPU
		{FFC19AB2-C382-4C1E-AA21-5662E9FE6EC3}.PrepareEnvironment|Any CPU.Build.0 = Release|Any CPU
		{FFC19AB2-C382-4C1E-AA21-5662E9FE6EC3}.Publish|Any CPU.ActiveCfg = Release|Any CPU
		{FFC19AB2-C382-4C1E-AA21-5662E9FE6EC3}.Publish|Any CPU.Build.0 = Release|Any CPU
		{FFC19AB2-C382-4C1E-AA21-5662E9FE6EC3}.Release|Any CPU.ActiveCfg = Release|Any CPU
		{FFC19AB2-C382-4C1E-AA21-5662E9FE6EC3}.Release|Any CPU.Build.0 = Release|Any CPU
		{540E5EFB-4E95-404D-B511-31CC56A9A492}.Debug|Any CPU.ActiveCfg = Debug|Any CPU
		{540E5EFB-4E95-404D-B511-31CC56A9A492}.Debug|Any CPU.Build.0 = Debug|Any CPU
		{540E5EFB-4E95-404D-B511-31CC56A9A492}.PrepareEnvironment|Any CPU.ActiveCfg = PrepareEnvironment|Any CPU
		{540E5EFB-4E95-404D-B511-31CC56A9A492}.PrepareEnvironment|Any CPU.Build.0 = PrepareEnvironment|Any CPU
		{540E5EFB-4E95-404D-B511-31CC56A9A492}.Publish|Any CPU.ActiveCfg = Publish|Any CPU
		{540E5EFB-4E95-404D-B511-31CC56A9A492}.Publish|Any CPU.Build.0 = Publish|Any CPU
		{540E5EFB-4E95-404D-B511-31CC56A9A492}.Release|Any CPU.ActiveCfg = Release|Any CPU
		{540E5EFB-4E95-404D-B511-31CC56A9A492}.Release|Any CPU.Build.0 = Release|Any CPU
		{1FAB0C91-9AA4-458A-8485-EE1D0140672E}.Debug|Any CPU.ActiveCfg = Debug|Any CPU
		{1FAB0C91-9AA4-458A-8485-EE1D0140672E}.Debug|Any CPU.Build.0 = Debug|Any CPU
		{1FAB0C91-9AA4-458A-8485-EE1D0140672E}.PrepareEnvironment|Any CPU.ActiveCfg = Debug|Any CPU
		{1FAB0C91-9AA4-458A-8485-EE1D0140672E}.PrepareEnvironment|Any CPU.Build.0 = Debug|Any CPU
		{1FAB0C91-9AA4-458A-8485-EE1D0140672E}.Publish|Any CPU.ActiveCfg = Debug|Any CPU
		{1FAB0C91-9AA4-458A-8485-EE1D0140672E}.Publish|Any CPU.Build.0 = Debug|Any CPU
		{1FAB0C91-9AA4-458A-8485-EE1D0140672E}.Release|Any CPU.ActiveCfg = Release|Any CPU
		{1FAB0C91-9AA4-458A-8485-EE1D0140672E}.Release|Any CPU.Build.0 = Release|Any CPU
	EndGlobalSection
	GlobalSection(SolutionProperties) = preSolution
		HideSolutionNode = FALSE
	EndGlobalSection
	GlobalSection(ExtensibilityGlobals) = postSolution
		SolutionGuid = {B29CB60C-CB54-4EB5-BF78-8A7984D19BAE}
	EndGlobalSection
EndGlobal
